<?xml version="1.0" encoding="utf-8"?>
<Project ToolsVersion="4.0" xmlns="http://schemas.microsoft.com/developer/msbuild/2003">
  <ItemGroup>
    <ClCompile Include="Application.cpp" />
    <ClCompile Include="Audio\AudioEngine.cpp" />
    <ClCompile Include="Audio\DynamicSoundEffectInstance.cpp" />
    <ClCompile Include="Audio\SoundCommon.cpp" />
    <ClCompile Include="Audio\SoundEffect.cpp" />
    <ClCompile Include="Audio\SoundEffectInstance.cpp" />
    <ClCompile Include="Audio\WAVFileReader.cpp" />
    <ClCompile Include="CustomTextureLibrary.cpp" />
    <ClCompile Include="Editor\UI\DebugWindow.cpp" />
    <ClCompile Include="Editor\Editor.Diagnostics.cpp" />
    <ClCompile Include="BitmapCache.cpp" />
    <ClCompile Include="Editor\UI\TextureEditor.cpp" />
    <ClCompile Include="Game.AI.cpp" />
    <ClCompile Include="Game.AI.Pathing.cpp" />
    <ClCompile Include="Game.Boss.cpp" />
    <ClCompile Include="Game.Input.cpp" />
    <ClCompile Include="Game.Navigation.cpp" />
    <ClCompile Include="Game.Object.cpp" />
    <ClCompile Include="Game.Player.cpp" />
    <ClCompile Include="Game.Reactor.cpp" />
    <ClCompile Include="Game.Room.cpp" />
    <ClCompile Include="Game.Text.cpp" />
    <ClCompile Include="Game.Segment.cpp" />
    <ClCompile Include="Game.Visibility.cpp" />
    <ClCompile Include="Game.Wall.cpp" />
    <ClCompile Include="Game.Weapon.cpp" />
    <ClCompile Include="GameTable.cpp" />
    <ClCompile Include="Graphics\Compiler.cpp" />
    <ClCompile Include="Editor\Bindings.cpp" />
    <ClCompile Include="Editor\Command.cpp" />
    <ClCompile Include="Editor\Editor.Camera.cpp" />
    <ClCompile Include="Editor\Editor.Clipboard.cpp" />
    <ClCompile Include="Editor\Editor.cpp" />
    <ClCompile Include="Editor\Editor.Geometry.cpp" />
    <ClCompile Include="Editor\Editor.IO.cpp" />
    <ClCompile Include="Editor\Editor.Object.cpp" />
    <ClCompile Include="Editor\Editor.Segment.cpp" />
    <ClCompile Include="Editor\Editor.Selection.cpp" />
    <ClCompile Include="Editor\Editor.Texture.cpp" />
    <ClCompile Include="Editor\Editor.Wall.cpp" />
    <ClCompile Include="Editor\Gizmo.cpp" />
    <ClCompile Include="Editor\Editor.Lighting.cpp" />
    <ClCompile Include="Editor\UI\PropertyEditor.Object.cpp" />
    <ClCompile Include="Editor\UI\PropertyEditor.Segment.cpp" />
    <ClCompile Include="Editor\TunnelBuilder.cpp" />
    <ClCompile Include="Graphics\LevelMesh.cpp" />
    <ClCompile Include="Graphics\Lighting.cpp" />
    <ClCompile Include="Graphics\Mesh.cpp" />
    <ClCompile Include="Graphics\Render.Canvas.cpp" />
    <ClCompile Include="Graphics\GatherLights.cpp" />
    <ClCompile Include="Graphics\Render.Level.cpp" />
    <ClCompile Include="Graphics\Render.Object.cpp" />
    <ClCompile Include="Graphics\Render.Particles.cpp" />
    <ClCompile Include="HUD.cpp" />
    <ClCompile Include="imgui_local.cpp" />
    <ClCompile Include="Intersect.cpp" />
    <ClCompile Include="LevelMetadata.cpp" />
    <ClCompile Include="LightInfo.cpp" />
    <ClCompile Include="Editor\UI\LightingWindow.cpp" />
    <ClCompile Include="MaterialInfo.cpp" />
    <ClCompile Include="OpenSimplex2.cpp" />
    <ClCompile Include="Physics.Capsule.cpp" />
    <ClCompile Include="Physics.cpp" />
    <ClCompile Include="Graphics\Render.Queue.cpp" />
    <ClCompile Include="Graphics\PostProcess.cpp" />
    <ClCompile Include="Procedural.cpp" />
    <ClCompile Include="Procedural.Fire.cpp" />
    <ClCompile Include="Procedural.Water.cpp" />
    <ClCompile Include="Settings.cpp" />
    <ClCompile Include="Graphics\Render.Debug.cpp" />
    <ClCompile Include="Input.cpp" />
    <ClCompile Include="Graphics\Render.Editor.cpp" />
    <ClCompile Include="Game.cpp" />
    <ClCompile Include="Editor\UI\EditorUI.cpp" />
    <ClCompile Include="Resources.cpp" />
    <ClCompile Include="SoundSystem.cpp" />
    <ClCompile Include="FileSystem.cpp" />
    <ClCompile Include="Graphics\Render.cpp" />
    <ClCompile Include="Graphics\ShaderLibrary.cpp" />
    <ClCompile Include="Graphics\DeviceResources.cpp" />
    <ClCompile Include="main.cpp" />
    <ClCompile Include="Graphics\MaterialLibrary.cpp" />
    <ClCompile Include="pch.cpp" />
    <ClCompile Include="Editor\UI\TextureBrowserUI.cpp" />
    <ClCompile Include="Shell.cpp" />
    <ClCompile Include="SoundTypes.cpp" />
    <ClCompile Include="GameTimer.cpp" />
    <ClCompile Include="Game.Bindings.cpp" />
    <ClCompile Include="Graphics\Render.Beam.cpp" />
    <ClCompile Include="Editor\UI\SettingsDialog.cpp" />
    <ClCompile Include="Audio\Music.cpp" />
    <ClCompile Include="Game.IO.cpp" />
    <ClCompile Include="Formats\PCX.cpp" />
    <ClCompile Include="Formats\BBM.cpp" />
    <ClCompile Include="Game.EscapeSequence.cpp" />
    <ClCompile Include="Game.Briefing.cpp" />
    <ClCompile Include="VisualEffects.cpp" />
    <ClCompile Include="Graphics.cpp" />
    <ClCompile Include="DebugOverlay.cpp" />
    <ClCompile Include="Graphics.Debug.cpp" />
    <ClCompile Include="Game.Cinematics.cpp" />
    <ClCompile Include="Game.Terrain.cpp" />
    <ClCompile Include="Graphics\Render.Automap.cpp" />
    <ClCompile Include="Game.UI.cpp" />
    <ClCompile Include="Icosphere.cpp" />
    <ClCompile Include="Graphics\Render.MainMenu.cpp" />
    <ClCompile Include="Game.Automap.cpp" />
    <ClCompile Include="Graphics\Render.Briefing.cpp" />
    <ClCompile Include="TextureCache.cpp" />
    <ClCompile Include="Game.UI.Options.cpp" />
    <ClCompile Include="Game.Save.cpp" />
    <ClCompile Include="Audio\pcm\impl.cpp" />
    <ClCompile Include="Audio\pcm\stb_vorbis.c" />
    <ClCompile Include="zip\zip.c" />
    <ClCompile Include="Game.UI.ScoreScreen.cpp" />
    <ClCompile Include="Game.Matcen.cpp" />
  </ItemGroup>
  <ItemGroup>
    <ClInclude Include="Audio\Audio.h" />
    <ClInclude Include="Audio\SoundCommon.h" />
    <ClInclude Include="Audio\WAVFileReader.h" />
    <ClInclude Include="BitmapCache.h" />
    <ClInclude Include="CustomTextureLibrary.h" />
    <ClInclude Include="DirectX.h" />
    <ClInclude Include="Editor\Command.h" />
    <ClInclude Include="Concurrent.h" />
    <ClInclude Include="Editor\Editor.Diagnostics.h" />
    <ClInclude Include="Editor\UI\AboutDialog.h" />
    <ClInclude Include="Editor\UI\BriefingEditor.h" />
    <ClInclude Include="Editor\UI\DiagnosticWindow.h" />
    <ClInclude Include="Effect.h" />
    <ClInclude Include="Game.AI.h" />
    <ClInclude Include="Game.AI.Pathing.h" />
    <ClInclude Include="Game.Boss.h" />
    <ClInclude Include="Game.Input.h" />
    <ClInclude Include="Game.Navigation.h" />
    <ClInclude Include="Game.Object.h" />
    <ClInclude Include="Game.Player.h" />
    <ClInclude Include="Editor\UI\ScaleWindow.h" />
    <ClInclude Include="Editor\UI\TextureEditor.h" />
    <ClInclude Include="Game.Reactor.h" />
    <ClInclude Include="Game.Room.h" />
    <ClInclude Include="Game.Text.h" />
    <ClInclude Include="Game.Segment.h" />
    <ClInclude Include="Editor\UI\SoundBrowser.h" />
    <ClInclude Include="Game.Visibility.h" />
    <ClInclude Include="Game.Wall.h" />
    <ClInclude Include="GameTable.h" />
    <ClInclude Include="Graphics\Buffers.h" />
    <ClInclude Include="Graphics\Compiler.h" />
    <ClInclude Include="Graphics\ComputeShader.h" />
    <ClInclude Include="Graphics\GpuResources.h" />
    <ClInclude Include="Convert.h" />
    <ClInclude Include="DebugOverlay.h" />
    <ClInclude Include="Editor\Editor.Clipboard.h" />
    <ClInclude Include="Editor\Editor.IO.h" />
    <ClInclude Include="Editor\Editor.Lighting.h" />
    <ClInclude Include="Editor\UI\BloomWindow.h" />
    <ClInclude Include="Editor\Editor.Object.h" />
    <ClInclude Include="Editor\Editor.Segment.h" />
    <ClInclude Include="Editor\Editor.Selection.h" />
    <ClInclude Include="Editor\Editor.Texture.h" />
    <ClInclude Include="Editor\Editor.Undo.h" />
    <ClInclude Include="Editor\Editor.Wall.h" />
    <ClInclude Include="Editor\UI\HelpDialog.h" />
    <ClInclude Include="Editor\UI\MatcenEditor.h" />
    <ClInclude Include="Editor\UI\NewLevelDialog.h" />
    <ClInclude Include="Editor\UI\PropertyEditor.h" />
    <ClInclude Include="Editor\UI\ReactorEditor.h" />
    <ClInclude Include="Editor\UI\SettingsDialog.h" />
    <ClInclude Include="Editor\TunnelBuilder.h" />
    <ClInclude Include="Editor\UI\TunnelBuilderWindow.h" />
    <ClInclude Include="Graphics\IDeviceNotify.h" />
    <ClInclude Include="Graphics\Lighting.h" />
    <ClInclude Include="Graphics\Render.Canvas.h" />
    <ClInclude Include="Graphics\Render.Level.h" />
    <ClInclude Include="Graphics\Render.Object.h" />
    <ClInclude Include="Graphics\Render.Particles.h" />
    <ClInclude Include="Graphics\Render.Queue.h" />
    <ClInclude Include="HUD.h" />
    <ClInclude Include="Intersect.h" />
    <ClInclude Include="LegitProfiler.h" />
    <ClInclude Include="LevelMetadata.h" />
    <ClInclude Include="LightInfo.h" />
    <ClInclude Include="Editor\UI\MaterialEditor.h" />
    <ClInclude Include="Material2D.h" />
    <ClInclude Include="MaterialInfo.h" />
    <ClInclude Include="NormalMap.h" />
    <ClInclude Include="OpenSimplex2.h" />
    <ClInclude Include="Physics.Capsule.h" />
    <ClInclude Include="Physics.h" />
    <ClInclude Include="Procedural.h" />
    <ClInclude Include="resource.h" />
    <ClInclude Include="SoundTypes.h" />
    <ClInclude Include="unordered_dense.h" />
    <ClInclude Include="Version.h" />
    <ClInclude Include="WindowsDialogs.h" />
    <ClInclude Include="Editor\Gizmo.h" />
    <ClInclude Include="Editor\UI\HogEditor.h" />
    <ClInclude Include="Editor\UI\LightingWindow.h" />
    <ClInclude Include="Editor\UI\MissionEditor.h" />
    <ClInclude Include="Editor\UI\NoiseWindow.h" />
    <ClInclude Include="Editor\UI\StatusBar.h" />
    <ClInclude Include="Editor\Editor.Geometry.h" />
    <ClInclude Include="WorkerThread.h" />
    <ClInclude Include="Graphics\Render.Debug.h" />
    <ClInclude Include="Graphics\LevelMesh.h" />
    <ClInclude Include="Editor\UI\DebugWindow.h" />
    <ClInclude Include="Editor\UI\WindowBase.h" />
    <ClInclude Include="Graphics\Mesh.h" />
    <ClInclude Include="Graphics\PostProcess.h" />
    <ClInclude Include="Graphics\Heap.h" />
    <ClInclude Include="Graphics\Render.Editor.h" />
    <ClInclude Include="Graphics\Render.Gizmo.h" />
    <ClInclude Include="Logging.h" />
    <ClInclude Include="Editor\Bindings.h" />
    <ClInclude Include="Settings.h" />
    <ClInclude Include="Input.h" />
    <ClInclude Include="Game.h" />
    <ClInclude Include="Graphics\ShaderLibrary.h" />
    <ClInclude Include="FileSystem.h" />
    <ClInclude Include="Resources.h" />
    <ClInclude Include="Application.h" />
    <ClInclude Include="SoundSystem.h" />
    <ClInclude Include="imgui_local.h" />
    <ClInclude Include="Camera.h" />
    <ClInclude Include="Graphics\Render.h" />
    <ClInclude Include="Graphics\MaterialLibrary.h" />
    <ClInclude Include="ScopedTimer.h" />
    <ClInclude Include="SystemClock.h" />
    <ClInclude Include="vendor\d3dx12.h" />
    <ClInclude Include="Graphics\DeviceResources.h" />
    <ClInclude Include="Editor\Editor.h" />
    <ClInclude Include="Editor\UI\EditorUI.h" />
    <ClInclude Include="Editor\Events.h" />
    <ClInclude Include="pch.h" />
    <ClInclude Include="vendor\OpenSimplexNoise.h" />
    <ClInclude Include="vendor\PlatformHelpers.h" />
    <ClInclude Include="Shell.h" />
    <ClInclude Include="Editor\UI\TextureBrowserUI.h" />
    <ClInclude Include="Yaml.h" />
    <ClInclude Include="GameTimer.h" />
    <ClInclude Include="Game.Bindings.h" />
    <ClInclude Include="Render.Beam.h" />
    <ClInclude Include="Render.Effect.h" />
    <ClInclude Include="Debug.h" />
    <ClInclude Include="Audio\Music.h" />
    <ClInclude Include="Formats\PCX.h" />
    <ClInclude Include="Formats\BBM.h" />
    <ClInclude Include="Game.Briefing.h" />
    <ClInclude Include="Game.EscapeSequence.h" />
    <ClInclude Include="Graphics\CameraContext.h" />
    <ClInclude Include="Graphics\CommandQueue.h" />
    <ClInclude Include="VisualEffects.h" />
    <ClInclude Include="VertexTypes.h" />
    <ClInclude Include="Graphics.h" />
    <ClInclude Include="Graphics.Debug.h" />
    <ClInclude Include="Game.Cinematics.h" />
    <ClInclude Include="Editor\UI\TerrainEditor.h" />
    <ClInclude Include="Game.Terrain.h" />
    <ClInclude Include="Colors.h" />
    <ClInclude Include="Graphics\Render.Automap.h" />
    <ClInclude Include="Icosphere.h" />
    <ClInclude Include="Graphics\Render.MainMenu.h" />
    <ClInclude Include="Game.UI.h" />
    <ClInclude Include="Game.Automap.h" />
    <ClInclude Include="Graphics\Render.Briefing.h" />
    <ClInclude Include="Game.UI.Controls.h" />
    <ClInclude Include="TextureCache.h" />
    <ClInclude Include="Game.UI.Options.h" />
    <ClInclude Include="Game.UI.ScoreScreen.h" />
    <ClInclude Include="Game.UI.Bindings.h" />
    <ClInclude Include="Game.Save.h" />
    <ClInclude Include="Game.State.h" />
    <ClInclude Include="Game.UI.LoadDialog.h" />
    <ClInclude Include="Difficulty.h" />
    <ClInclude Include="Audio\pcm\dr_flac.h" />
    <ClInclude Include="Audio\pcm\dr_mp3.h" />
    <ClInclude Include="Audio\pcm\stb_vorbis.h" />
    <ClInclude Include="zip\miniz.h" />
    <ClInclude Include="zip\zip.h" />
    <ClInclude Include="Game.IO.h" />
    <ClInclude Include="Resources.Common.h" />
    <ClInclude Include="Game.Matcen.h" />
  </ItemGroup>
  <ItemGroup>
    <ResourceCompile Include="Inferno.rc" />
  </ItemGroup>
  <ItemGroup>
    <CopyFileToFolders Include="d1filter.txt" />
    <CopyFileToFolders Include="d2filter.txt" />
    <CopyFileToFolders Include="powerups.txt" />
    <CopyFileToFolders Include="robots.txt" />
    <CopyFileToFolders Include="..\..\thirdparty.txt" />
  </ItemGroup>
  <ItemGroup>
    <None Include="packages.config" />
    <None Include="shaders\compile.bat" />
    <None Include="shaders\BlurCS.hlsl" />
    <None Include="shaders\Common.hlsli" />
    <None Include="shaders\Depth.hlsl" />
    <None Include="shaders\DepthCutout.hlsl" />
    <None Include="shaders\DepthObject.hlsl" />
    <None Include="shaders\DownsampleBloomCS.hlsl" />
    <None Include="shaders\editor.hlsl" />
    <None Include="shaders\FillLightGridCS.hlsl" />
    <None Include="shaders\HUD.hlsl" />
    <None Include="shaders\imgui.hlsl" />
    <None Include="shaders\level.hlsl" />
    <None Include="shaders\levelflat.hlsl" />
    <None Include="shaders\LightGrid.hlsli" />
    <None Include="shaders\Lighting.hlsli" />
    <None Include="shaders\LinearizeDepthCS.hlsl" />
    <None Include="shaders\object.hlsl" />
    <None Include="shaders\ScanlineCS.hlsl" />
    <None Include="shaders\Cloak.hlsl" />
    <None Include="shaders\ToneMapCS.hlsl" />
    <None Include="shaders\sprite.hlsl" />
    <None Include="shaders\ToneMapCS-NoUAVL.hlsl" />
    <None Include="shaders\UpsampleAndBlurCS.hlsl" />
    <None Include="shaders\Utility.hlsli" />
    <None Include="shaders\BloomExtractDownsampleCS.hlsl" />
    <None Include="shaders\UnpackBufferCS.hlsl" />
    <None Include="shaders\BriefingObject.hlsl" />
    <None Include="shaders\Terrain.hlsl" />
    <None Include="shaders\Stars.hlsl" />
    <None Include="shaders\Sun.hlsl" />
    <None Include="shaders\Automap.hlsl" />
    <None Include="shaders\AutomapOutline.hlsl" />
    <None Include="shaders\AutomapObject.hlsl" />
    <None Include="shaders\Asteroid.hlsl" />
    <None Include="shaders\ObjectVertex.hlsli" />
    <None Include="shaders\MenuSun.hlsl" />
    <None Include="shaders\DownsampleCS.hlsl" />
    <None Include="shaders\Compose.hlsl" />
    <None Include="gsl\assert.h" />
    <None Include="gsl\pointers.h" />
    <None Include="d1\game.yml" />
    <None Include="d1\lights.yml" />
    <None Include="d1\material.yml" />
    <None Include="shaders\TerrainDepth.hlsl" />
    <None Include="d2\game.yml" />
    <None Include="d2\lights.yml" />
    <None Include="d2\material.yml" />
  </ItemGroup>
</Project>